
Microsoft Visual Studio Solution File, Format Version 12.00
# Visual Studio Version 16
VisualStudioVersion = 16.0.28917.181
MinimumVisualStudioVersion = 10.0.40219.1
Project("{FAE04EC0-301F-11D3-BF4B-00C04F79EFBC}") = "MemoryGame.App.Android", "MemoryGame.App\MemoryGame.App.Android\MemoryGame.App.Android.csproj", "{F304177B-9486-4757-8FD1-58532D1D3BE7}"
EndProject
Project("{FAE04EC0-301F-11D3-BF4B-00C04F79EFBC}") = "MemoryGame.App.iOS", "MemoryGame.App\MemoryGame.App.iOS\MemoryGame.App.iOS.csproj", "{FEB7E37C-A4F9-4E93-AC6A-9CFE8908401B}"
EndProject
Project("{9A19103F-16F7-4668-BE54-9A1E7A4F7556}") = "MemoryGame.App", "MemoryGame.App\MemoryGame.App\MemoryGame.App.csproj", "{30337C2F-FBA6-4471-AA3E-FADFB6B8015A}"
EndProject
Project("{FAE04EC0-301F-11D3-BF4B-00C04F79EFBC}") = "MemoryGame.API", "..\MemoryGame\MemoryGame.API\MemoryGame.API.csproj", "{1A4AB6FD-5B43-46EF-A6BE-AB460812E041}"
EndProject
Project("{FAE04EC0-301F-11D3-BF4B-00C04F79EFBC}") = "MemoryGame.Web", "MemoryGame.Web\MemoryGame.Web.csproj", "{600AEE9D-C469-43EE-8479-BFB38376E4D2}"
EndProject
Global
	GlobalSection(SolutionConfigurationPlatforms) = preSolution
		Debug|Any CPU = Debug|Any CPU
		Debug|iPhone = Debug|iPhone
		Debug|iPhoneSimulator = Debug|iPhoneSimulator
		Release|Any CPU = Release|Any CPU
		Release|iPhone = Release|iPhone
		Release|iPhoneSimulator = Release|iPhoneSimulator
	EndGlobalSection
	GlobalSection(ProjectConfigurationPlatforms) = postSolution
		{F304177B-9486-4757-8FD1-58532D1D3BE7}.Debug|Any CPU.ActiveCfg = Debug|Any CPU
		{F304177B-9486-4757-8FD1-58532D1D3BE7}.Debug|Any CPU.Build.0 = Debug|Any CPU
		{F304177B-9486-4757-8FD1-58532D1D3BE7}.Debug|Any CPU.Deploy.0 = Debug|Any CPU
		{F304177B-9486-4757-8FD1-58532D1D3BE7}.Debug|iPhone.ActiveCfg = Debug|Any CPU
		{F304177B-9486-4757-8FD1-58532D1D3BE7}.Debug|iPhone.Build.0 = Debug|Any CPU
		{F304177B-9486-4757-8FD1-58532D1D3BE7}.Debug|iPhone.Deploy.0 = Debug|Any CPU
		{F304177B-9486-4757-8FD1-58532D1D3BE7}.Debug|iPhoneSimulator.ActiveCfg = Debug|Any CPU
		{F304177B-9486-4757-8FD1-58532D1D3BE7}.Debug|iPhoneSimulator.Build.0 = Debug|Any CPU
		{F304177B-9486-4757-8FD1-58532D1D3BE7}.Debug|iPhoneSimulator.Deploy.0 = Debug|Any CPU
		{F304177B-9486-4757-8FD1-58532D1D3BE7}.Release|Any CPU.ActiveCfg = Release|Any CPU
		{F304177B-9486-4757-8FD1-58532D1D3BE7}.Release|Any CPU.Build.0 = Release|Any CPU
		{F304177B-9486-4757-8FD1-58532D1D3BE7}.Release|Any CPU.Deploy.0 = Release|Any CPU
		{F304177B-9486-4757-8FD1-58532D1D3BE7}.Release|iPhone.ActiveCfg = Release|Any CPU
		{F304177B-9486-4757-8FD1-58532D1D3BE7}.Release|iPhone.Build.0 = Release|Any CPU
		{F304177B-9486-4757-8FD1-58532D1D3BE7}.Release|iPhone.Deploy.0 = Release|Any CPU
		{F304177B-9486-4757-8FD1-58532D1D3BE7}.Release|iPhoneSimulator.ActiveCfg = Release|Any CPU
		{F304177B-9486-4757-8FD1-58532D1D3BE7}.Release|iPhoneSimulator.Build.0 = Release|Any CPU
		{F304177B-9486-4757-8FD1-58532D1D3BE7}.Release|iPhoneSimulator.Deploy.0 = Release|Any CPU
		{FEB7E37C-A4F9-4E93-AC6A-9CFE8908401B}.Debug|Any CPU.ActiveCfg = Debug|iPhoneSimulator
		{FEB7E37C-A4F9-4E93-AC6A-9CFE8908401B}.Debug|Any CPU.Build.0 = Debug|iPhoneSimulator
		{FEB7E37C-A4F9-4E93-AC6A-9CFE8908401B}.Debug|Any CPU.Deploy.0 = Debug|iPhoneSimulator
		{FEB7E37C-A4F9-4E93-AC6A-9CFE8908401B}.Debug|iPhone.ActiveCfg = Debug|iPhone
		{FEB7E37C-A4F9-4E93-AC6A-9CFE8908401B}.Debug|iPhone.Build.0 = Debug|iPhone
		{FEB7E37C-A4F9-4E93-AC6A-9CFE8908401B}.Debug|iPhone.Deploy.0 = Debug|iPhone
		{FEB7E37C-A4F9-4E93-AC6A-9CFE8908401B}.Debug|iPhoneSimulator.ActiveCfg = Debug|iPhoneSimulator
		{FEB7E37C-A4F9-4E93-AC6A-9CFE8908401B}.Debug|iPhoneSimulator.Build.0 = Debug|iPhoneSimulator
		{FEB7E37C-A4F9-4E93-AC6A-9CFE8908401B}.Debug|iPhoneSimulator.Deploy.0 = Debug|iPhoneSimulator
		{FEB7E37C-A4F9-4E93-AC6A-9CFE8908401B}.Release|Any CPU.ActiveCfg = Release|iPhone
		{FEB7E37C-A4F9-4E93-AC6A-9CFE8908401B}.Release|Any CPU.Build.0 = Release|iPhone
		{FEB7E37C-A4F9-4E93-AC6A-9CFE8908401B}.Release|Any CPU.Deploy.0 = Release|iPhone
		{FEB7E37C-A4F9-4E93-AC6A-9CFE8908401B}.Release|iPhone.ActiveCfg = Release|iPhone
		{FEB7E37C-A4F9-4E93-AC6A-9CFE8908401B}.Release|iPhone.Build.0 = Release|iPhone
		{FEB7E37C-A4F9-4E93-AC6A-9CFE8908401B}.Release|iPhone.Deploy.0 = Release|iPhone
		{FEB7E37C-A4F9-4E93-AC6A-9CFE8908401B}.Release|iPhoneSimulator.ActiveCfg = Release|iPhoneSimulator
		{FEB7E37C-A4F9-4E93-AC6A-9CFE8908401B}.Release|iPhoneSimulator.Build.0 = Release|iPhoneSimulator
		{FEB7E37C-A4F9-4E93-AC6A-9CFE8908401B}.Release|iPhoneSimulator.Deploy.0 = Release|iPhoneSimulator
		{30337C2F-FBA6-4471-AA3E-FADFB6B8015A}.Debug|Any CPU.ActiveCfg = Debug|Any CPU
		{30337C2F-FBA6-4471-AA3E-FADFB6B8015A}.Debug|Any CPU.Build.0 = Debug|Any CPU
		{30337C2F-FBA6-4471-AA3E-FADFB6B8015A}.Debug|Any CPU.Deploy.0 = Debug|Any CPU
		{30337C2F-FBA6-4471-AA3E-FADFB6B8015A}.Debug|iPhone.ActiveCfg = Debug|Any CPU
		{30337C2F-FBA6-4471-AA3E-FADFB6B8015A}.Debug|iPhone.Build.0 = Debug|Any CPU
		{30337C2F-FBA6-4471-AA3E-FADFB6B8015A}.Debug|iPhone.Deploy.0 = Debug|Any CPU
		{30337C2F-FBA6-4471-AA3E-FADFB6B8015A}.Debug|iPhoneSimulator.ActiveCfg = Debug|Any CPU
		{30337C2F-FBA6-4471-AA3E-FADFB6B8015A}.Debug|iPhoneSimulator.Build.0 = Debug|Any CPU
		{30337C2F-FBA6-4471-AA3E-FADFB6B8015A}.Debug|iPhoneSimulator.Deploy.0 = Debug|Any CPU
		{30337C2F-FBA6-4471-AA3E-FADFB6B8015A}.Release|Any CPU.ActiveCfg = Release|Any CPU
		{30337C2F-FBA6-4471-AA3E-FADFB6B8015A}.Release|Any CPU.Build.0 = Release|Any CPU
		{30337C2F-FBA6-4471-AA3E-FADFB6B8015A}.Release|Any CPU.Deploy.0 = Release|Any CPU
		{30337C2F-FBA6-4471-AA3E-FADFB6B8015A}.Release|iPhone.ActiveCfg = Release|Any CPU
		{30337C2F-FBA6-4471-AA3E-FADFB6B8015A}.Release|iPhone.Build.0 = Release|Any CPU
		{30337C2F-FBA6-4471-AA3E-FADFB6B8015A}.Release|iPhone.Deploy.0 = Release|Any CPU
		{30337C2F-FBA6-4471-AA3E-FADFB6B8015A}.Release|iPhoneSimulator.ActiveCfg = Release|Any CPU
		{30337C2F-FBA6-4471-AA3E-FADFB6B8015A}.Release|iPhoneSimulator.Build.0 = Release|Any CPU
		{30337C2F-FBA6-4471-AA3E-FADFB6B8015A}.Release|iPhoneSimulator.Deploy.0 = Release|Any CPU
		{1A4AB6FD-5B43-46EF-A6BE-AB460812E041}.Debug|Any CPU.ActiveCfg = Debug|Any CPU
		{1A4AB6FD-5B43-46EF-A6BE-AB460812E041}.Debug|Any CPU.Build.0 = Debug|Any CPU
		{1A4AB6FD-5B43-46EF-A6BE-AB460812E041}.Debug|iPhone.ActiveCfg = Debug|Any CPU
		{1A4AB6FD-5B43-46EF-A6BE-AB460812E041}.Debug|iPhone.Build.0 = Debug|Any CPU
		{1A4AB6FD-5B43-46EF-A6BE-AB460812E041}.Debug|iPhoneSimulator.ActiveCfg = Debug|Any CPU
		{1A4AB6FD-5B43-46EF-A6BE-AB460812E041}.Debug|iPhoneSimulator.Build.0 = Debug|Any CPU
		{1A4AB6FD-5B43-46EF-A6BE-AB460812E041}.Release|Any CPU.ActiveCfg = Release|Any CPU
		{1A4AB6FD-5B43-46EF-A6BE-AB460812E041}.Release|Any CPU.Build.0 = Release|Any CPU
		{1A4AB6FD-5B43-46EF-A6BE-AB460812E041}.Release|iPhone.ActiveCfg = Release|Any CPU
		{1A4AB6FD-5B43-46EF-A6BE-AB460812E041}.Release|iPhone.Build.0 = Release|Any CPU
		{1A4AB6FD-5B43-46EF-A6BE-AB460812E041}.Release|iPhoneSimulator.ActiveCfg = Release|Any CPU
		{1A4AB6FD-5B43-46EF-A6BE-AB460812E041}.Release|iPhoneSimulator.Build.0 = Release|Any CPU
		{600AEE9D-C469-43EE-8479-BFB38376E4D2}.Debug|Any CPU.ActiveCfg = Debug|Any CPU
		{600AEE9D-C469-43EE-8479-BFB38376E4D2}.Debug|Any CPU.Build.0 = Debug|Any CPU
		{600AEE9D-C469-43EE-8479-BFB38376E4D2}.Debug|iPhone.ActiveCfg = Debug|Any CPU
		{600AEE9D-C469-43EE-8479-BFB38376E4D2}.Debug|iPhone.Build.0 = Debug|Any CPU
		{600AEE9D-C469-43EE-8479-BFB38376E4D2}.Debug|iPhoneSimulator.ActiveCfg = Debug|Any CPU
		{600AEE9D-C469-43EE-8479-BFB38376E4D2}.Debug|iPhoneSimulator.Build.0 = Debug|Any CPU
		{600AEE9D-C469-43EE-8479-BFB38376E4D2}.Release|Any CPU.ActiveCfg = Release|Any CPU
		{600AEE9D-C469-43EE-8479-BFB38376E4D2}.Release|Any CPU.Build.0 = Release|Any CPU
		{600AEE9D-C469-43EE-8479-BFB38376E4D2}.Release|iPhone.ActiveCfg = Release|Any CPU
		{600AEE9D-C469-43EE-8479-BFB38376E4D2}.Release|iPhone.Build.0 = Release|Any CPU
		{600AEE9D-C469-43EE-8479-BFB38376E4D2}.Release|iPhoneSimulator.ActiveCfg = Release|Any CPU
		{600AEE9D-C469-43EE-8479-BFB38376E4D2}.Release|iPhoneSimulator.Build.0 = Release|Any CPU
	EndGlobalSection
	GlobalSection(SolutionProperties) = preSolution
		HideSolutionNode = FALSE
	EndGlobalSection
	GlobalSection(ExtensibilityGlobals) = postSolution
		SolutionGuid = {2AF3ACED-9F89-4E4F-AFBA-43E78A7D3B86}
	EndGlobalSection
EndGlobal
